
Microsoft Visual Studio Solution File, Format Version 12.00
# Visual Studio Version 16
VisualStudioVersion = 16.0.30317.65
MinimumVisualStudioVersion = 10.0.40219.1
Project("{FAE04EC0-301F-11D3-BF4B-00C04F79EFBC}") = "RenameImage", "RenameImage.csproj", "{CAB65B9D-21F8-4813-BDD8-50F07583F806}"
EndProject
Global
	GlobalSection(SolutionConfigurationPlatforms) = preSolution
		Debug|Any CPU = Debug|Any CPU
		Release|Any CPU = Release|Any CPU
	EndGlobalSection
	GlobalSection(ProjectConfigurationPlatforms) = postSolution
		{CAB65B9D-21F8-4813-BDD8-50F07583F806}.Debug|Any CPU.ActiveCfg = Debug|Any CPU
		{CAB65B9D-21F8-4813-BDD8-50F07583F806}.Debug|Any CPU.Build.0 = Debug|Any CPU
		{CAB65B9D-21F8-4813-BDD8-50F07583F806}.Release|Any CPU.ActiveCfg = Release|Any CPU
		{CAB65B9D-21F8-4813-BDD8-50F07583F806}.Release|Any CPU.Build.0 = Release|Any CPU
	EndGlobalSection
	GlobalSection(SolutionProperties) = preSolution
		HideSolutionNode = FALSE
	EndGlobalSection
	GlobalSection(ExtensibilityGlobals) = postSolution
		SolutionGuid = {AE450CEE-BDE0-4E65-97C8-F77228EC6FCD}
	EndGlobalSection
EndGlobal
